
Microsoft Visual Studio Solution File, Format Version 12.00
# Visual Studio Version 16
VisualStudioVersion = 16.0.31624.102
MinimumVisualStudioVersion = 10.0.40219.1
Project("{FAE04EC0-301F-11D3-BF4B-00C04F79EFBC}") = "StubTemplate_Test", "StubTemplate_Test\StubTemplate_Test.csproj", "{F9317958-272B-4D09-ADF6-F38D4564A4ED}"
EndProject
Project("{FAE04EC0-301F-11D3-BF4B-00C04F79EFBC}") = "StubHeaderTemplate_test", "StubHeaderTemplate_test\StubHeaderTemplate_test.csproj", "{E11FD226-00E2-4EFD-BFA0-D62BB8B9F00C}"
EndProject
Project("{FAE04EC0-301F-11D3-BF4B-00C04F79EFBC}") = "StubSourceTemplate_test", "StubSourceTemplate_test\StubSourceTemplate_test.csproj", "{344985D5-F3ED-4303-9076-F9A545FCD6B9}"
EndProject
Global
	GlobalSection(SolutionConfigurationPlatforms) = preSolution
		Debug|Any CPU = Debug|Any CPU
		Release|Any CPU = Release|Any CPU
	EndGlobalSection
	GlobalSection(ProjectConfigurationPlatforms) = postSolution
		{F9317958-272B-4D09-ADF6-F38D4564A4ED}.Debug|Any CPU.ActiveCfg = Debug|Any CPU
		{F9317958-272B-4D09-ADF6-F38D4564A4ED}.Debug|Any CPU.Build.0 = Debug|Any CPU
		{F9317958-272B-4D09-ADF6-F38D4564A4ED}.Release|Any CPU.ActiveCfg = Release|Any CPU
		{F9317958-272B-4D09-ADF6-F38D4564A4ED}.Release|Any CPU.Build.0 = Release|Any CPU
		{E11FD226-00E2-4EFD-BFA0-D62BB8B9F00C}.Debug|Any CPU.ActiveCfg = Debug|Any CPU
		{E11FD226-00E2-4EFD-BFA0-D62BB8B9F00C}.Debug|Any CPU.Build.0 = Debug|Any CPU
		{E11FD226-00E2-4EFD-BFA0-D62BB8B9F00C}.Release|Any CPU.ActiveCfg = Release|Any CPU
		{E11FD226-00E2-4EFD-BFA0-D62BB8B9F00C}.Release|Any CPU.Build.0 = Release|Any CPU
		{344985D5-F3ED-4303-9076-F9A545FCD6B9}.Debug|Any CPU.ActiveCfg = Debug|Any CPU
		{344985D5-F3ED-4303-9076-F9A545FCD6B9}.Debug|Any CPU.Build.0 = Debug|Any CPU
		{344985D5-F3ED-4303-9076-F9A545FCD6B9}.Release|Any CPU.ActiveCfg = Release|Any CPU
		{344985D5-F3ED-4303-9076-F9A545FCD6B9}.Release|Any CPU.Build.0 = Release|Any CPU
	EndGlobalSection
	GlobalSection(SolutionProperties) = preSolution
		HideSolutionNode = FALSE
	EndGlobalSection
	GlobalSection(ExtensibilityGlobals) = postSolution
		SolutionGuid = {51DECC36-75B4-44A5-99B0-A378737A821B}
	EndGlobalSection
EndGlobal
