
Microsoft Visual Studio Solution File, Format Version 12.00
# Visual Studio Version 16
VisualStudioVersion = 16.0.31624.102
MinimumVisualStudioVersion = 10.0.40219.1
Project("{FAE04EC0-301F-11D3-BF4B-00C04F79EFBC}") = "CodeGenerator.SDK", "CodeGenerator.SDK\CodeGenerator.SDK.csproj", "{11065085-6BC4-42E5-B716-F77EC325154A}"
EndProject
Project("{FAE04EC0-301F-11D3-BF4B-00C04F79EFBC}") = "StubCodeGenerator", "StubCodeGenerator\StubCodeGenerator.csproj", "{A9313C3B-7BFB-4F4B-8D0E-9B133952144B}"
	ProjectSection(ProjectDependencies) = postProject
		{11065085-6BC4-42E5-B716-F77EC325154A} = {11065085-6BC4-42E5-B716-F77EC325154A}
	EndProjectSection
EndProject
Project("{FAE04EC0-301F-11D3-BF4B-00C04F79EFBC}") = "GTestDriverCodeGenerator", "GoogleTestDriverCodeGenerator\GTestDriverCodeGenerator.csproj", "{6EED3803-E1AF-40D7-AC7A-48F054437821}"
	ProjectSection(ProjectDependencies) = postProject
		{A9313C3B-7BFB-4F4B-8D0E-9B133952144B} = {A9313C3B-7BFB-4F4B-8D0E-9B133952144B}
		{11065085-6BC4-42E5-B716-F77EC325154A} = {11065085-6BC4-42E5-B716-F77EC325154A}
	EndProjectSection
EndProject
Global
	GlobalSection(SolutionConfigurationPlatforms) = preSolution
		Debug|Any CPU = Debug|Any CPU
		Release|Any CPU = Release|Any CPU
	EndGlobalSection
	GlobalSection(ProjectConfigurationPlatforms) = postSolution
		{11065085-6BC4-42E5-B716-F77EC325154A}.Debug|Any CPU.ActiveCfg = Debug|Any CPU
		{11065085-6BC4-42E5-B716-F77EC325154A}.Debug|Any CPU.Build.0 = Debug|Any CPU
		{11065085-6BC4-42E5-B716-F77EC325154A}.Release|Any CPU.ActiveCfg = Release|Any CPU
		{11065085-6BC4-42E5-B716-F77EC325154A}.Release|Any CPU.Build.0 = Release|Any CPU
		{A9313C3B-7BFB-4F4B-8D0E-9B133952144B}.Debug|Any CPU.ActiveCfg = Debug|Any CPU
		{A9313C3B-7BFB-4F4B-8D0E-9B133952144B}.Debug|Any CPU.Build.0 = Debug|Any CPU
		{A9313C3B-7BFB-4F4B-8D0E-9B133952144B}.Release|Any CPU.ActiveCfg = Release|Any CPU
		{A9313C3B-7BFB-4F4B-8D0E-9B133952144B}.Release|Any CPU.Build.0 = Release|Any CPU
		{6EED3803-E1AF-40D7-AC7A-48F054437821}.Debug|Any CPU.ActiveCfg = Debug|Any CPU
		{6EED3803-E1AF-40D7-AC7A-48F054437821}.Debug|Any CPU.Build.0 = Debug|Any CPU
		{6EED3803-E1AF-40D7-AC7A-48F054437821}.Release|Any CPU.ActiveCfg = Release|Any CPU
		{6EED3803-E1AF-40D7-AC7A-48F054437821}.Release|Any CPU.Build.0 = Release|Any CPU
	EndGlobalSection
	GlobalSection(SolutionProperties) = preSolution
		HideSolutionNode = FALSE
	EndGlobalSection
	GlobalSection(ExtensibilityGlobals) = postSolution
		SolutionGuid = {252F10EC-1CB8-4102-B28E-6C3DA6290A7A}
	EndGlobalSection
EndGlobal
